// !$*UTF8*$!
{
	archiveVersion = 1;
	classes = {
	};
	objectVersion = 46;
	objects = {

/* Begin PBXBuildFile section */
		4CA9B4A519AE06B60050E6C6 /* Foundation.framework in Frameworks */ = {isa = PBXBuildFile; fileRef = 4CA9B4A419AE06B60050E6C6 /* Foundation.framework */; };
		4CA9B4A719AE06B60050E6C6 /* CoreGraphics.framework in Frameworks */ = {isa = PBXBuildFile; fileRef = 4CA9B4A619AE06B60050E6C6 /* CoreGraphics.framework */; };
		4CA9B4A919AE06B60050E6C6 /* UIKit.framework in Frameworks */ = {isa = PBXBuildFile; fileRef = 4CA9B4A819AE06B60050E6C6 /* UIKit.framework */; };
		4CA9B4AB19AE06B60050E6C6 /* SpriteKit.framework in Frameworks */ = {isa = PBXBuildFile; fileRef = 4CA9B4AA19AE06B60050E6C6 /* SpriteKit.framework */; };
		4CA9B4B119AE06B60050E6C6 /* InfoPlist.strings in Resources */ = {isa = PBXBuildFile; fileRef = 4CA9B4AF19AE06B60050E6C6 /* InfoPlist.strings */; };
		4CA9B4B319AE06B60050E6C6 /* main.m in Sources */ = {isa = PBXBuildFile; fileRef = 4CA9B4B219AE06B60050E6C6 /* main.m */; };
		4CA9B4B719AE06B60050E6C6 /* AppDelegate.m in Sources */ = {isa = PBXBuildFile; fileRef = 4CA9B4B619AE06B60050E6C6 /* AppDelegate.m */; };
		4CA9B4BA19AE06B60050E6C6 /* Main_iPhone.storyboard in Resources */ = {isa = PBXBuildFile; fileRef = 4CA9B4B819AE06B60050E6C6 /* Main_iPhone.storyboard */; };
		4CA9B4BD19AE06B60050E6C6 /* Main_iPad.storyboard in Resources */ = {isa = PBXBuildFile; fileRef = 4CA9B4BB19AE06B60050E6C6 /* Main_iPad.storyboard */; };
		4CA9B4C019AE06B60050E6C6 /* ViewController.m in Sources */ = {isa = PBXBuildFile; fileRef = 4CA9B4BF19AE06B60050E6C6 /* ViewController.m */; };
		4CA9B4C319AE06B60050E6C6 /* MyScene.m in Sources */ = {isa = PBXBuildFile; fileRef = 4CA9B4C219AE06B60050E6C6 /* MyScene.m */; };
		4CA9B4C519AE06B60050E6C6 /* Spaceship.png in Resources */ = {isa = PBXBuildFile; fileRef = 4CA9B4C419AE06B60050E6C6 /* Spaceship.png */; };
		4CA9B4C719AE06B60050E6C6 /* Images.xcassets in Resources */ = {isa = PBXBuildFile; fileRef = 4CA9B4C619AE06B60050E6C6 /* Images.xcassets */; };
		4CA9B4CE19AE06B60050E6C6 /* XCTest.framework in Frameworks */ = {isa = PBXBuildFile; fileRef = 4CA9B4CD19AE06B60050E6C6 /* XCTest.framework */; };
		4CA9B4CF19AE06B60050E6C6 /* Foundation.framework in Frameworks */ = {isa = PBXBuildFile; fileRef = 4CA9B4A419AE06B60050E6C6 /* Foundation.framework */; };
		4CA9B4D019AE06B60050E6C6 /* UIKit.framework in Frameworks */ = {isa = PBXBuildFile; fileRef = 4CA9B4A819AE06B60050E6C6 /* UIKit.framework */; };
		4CA9B4D819AE06B60050E6C6 /* InfoPlist.strings in Resources */ = {isa = PBXBuildFile; fileRef = 4CA9B4D619AE06B60050E6C6 /* InfoPlist.strings */; };
		4CA9B4DA19AE06B60050E6C6 /* testTests.m in Sources */ = {isa = PBXBuildFile; fileRef = 4CA9B4D919AE06B60050E6C6 /* testTests.m */; };
/* End PBXBuildFile section */

/* Begin PBXContainerItemProxy section */
		4CA9B4D119AE06B60050E6C6 /* PBXContainerItemProxy */ = {
			isa = PBXContainerItemProxy;
			containerPortal = 4CA9B49919AE06B50050E6C6 /* Project object */;
			proxyType = 1;
			remoteGlobalIDString = 4CA9B4A019AE06B50050E6C6;
			remoteInfo = test;
		};
/* End PBXContainerItemProxy section */

/* Begin PBXFileReference section */
		4CA9B4A119AE06B50050E6C6 /* test.app */ = {isa = PBXFileReference; explicitFileType = wrapper.application; includeInIndex = 0; path = test.app; sourceTree = BUILT_PRODUCTS_DIR; };
		4CA9B4A419AE06B60050E6C6 /* Foundation.framework */ = {isa = PBXFileReference; lastKnownFileType = wrapper.framework; name = Foundation.framework; path = System/Library/Frameworks/Foundation.framework; sourceTree = SDKROOT; };
		4CA9B4A619AE06B60050E6C6 /* CoreGraphics.framework */ = {isa = PBXFileReference; lastKnownFileType = wrapper.framework; name = CoreGraphics.framework; path = System/Library/Frameworks/CoreGraphics.framework; sourceTree = SDKROOT; };
		4CA9B4A819AE06B60050E6C6 /* UIKit.framework */ = {isa = PBXFileReference; lastKnownFileType = wrapper.framework; name = UIKit.framework; path = System/Library/Frameworks/UIKit.framework; sourceTree = SDKROOT; };
		4CA9B4AA19AE06B60050E6C6 /* SpriteKit.framework */ = {isa = PBXFileReference; lastKnownFileType = wrapper.framework; name = SpriteKit.framework; path = System/Library/Frameworks/SpriteKit.framework; sourceTree = SDKROOT; };
		4CA9B4AE19AE06B60050E6C6 /* test-Info.plist */ = {isa = PBXFileReference; lastKnownFileType = text.plist.xml; path = "test-Info.plist"; sourceTree = "<group>"; };
		4CA9B4B019AE06B60050E6C6 /* en */ = {isa = PBXFileReference; lastKnownFileType = text.plist.strings; name = en; path = en.lproj/InfoPlist.strings; sourceTree = "<group>"; };
		4CA9B4B219AE06B60050E6C6 /* main.m */ = {isa = PBXFileReference; lastKnownFileType = sourcecode.c.objc; path = main.m; sourceTree = "<group>"; };
		4CA9B4B419AE06B60050E6C6 /* test-Prefix.pch */ = {isa = PBXFileReference; lastKnownFileType = sourcecode.c.h; path = "test-Prefix.pch"; sourceTree = "<group>"; };
		4CA9B4B519AE06B60050E6C6 /* AppDelegate.h */ = {isa = PBXFileReference; lastKnownFileType = sourcecode.c.h; path = AppDelegate.h; sourceTree = "<group>"; };
		4CA9B4B619AE06B60050E6C6 /* AppDelegate.m */ = {isa = PBXFileReference; lastKnownFileType = sourcecode.c.objc; path = AppDelegate.m; sourceTree = "<group>"; };
		4CA9B4B919AE06B60050E6C6 /* Base */ = {isa = PBXFileReference; lastKnownFileType = file.storyboard; name = Base; path = Base.lproj/Main_iPhone.storyboard; sourceTree = "<group>"; };
		4CA9B4BC19AE06B60050E6C6 /* Base */ = {isa = PBXFileReference; lastKnownFileType = file.storyboard; name = Base; path = Base.lproj/Main_iPad.storyboard; sourceTree = "<group>"; };
		4CA9B4BE19AE06B60050E6C6 /* ViewController.h */ = {isa = PBXFileReference; lastKnownFileType = sourcecode.c.h; path = ViewController.h; sourceTree = "<group>"; };
		4CA9B4BF19AE06B60050E6C6 /* ViewController.m */ = {isa = PBXFileReference; lastKnownFileType = sourcecode.c.objc; path = ViewController.m; sourceTree = "<group>"; };
		4CA9B4C119AE06B60050E6C6 /* MyScene.h */ = {isa = PBXFileReference; lastKnownFileType = sourcecode.c.h; path = MyScene.h; sourceTree = "<group>"; };
		4CA9B4C219AE06B60050E6C6 /* MyScene.m */ = {isa = PBXFileReference; lastKnownFileType = sourcecode.c.objc; path = MyScene.m; sourceTree = "<group>"; };
		4CA9B4C419AE06B60050E6C6 /* Spaceship.png */ = {isa = PBXFileReference; lastKnownFileType = image.png; path = Spaceship.png; sourceTree = "<group>"; };
		4CA9B4C619AE06B60050E6C6 /* Images.xcassets */ = {isa = PBXFileReference; lastKnownFileType = folder.assetcatalog; path = Images.xcassets; sourceTree = "<group>"; };
		4CA9B4CC19AE06B60050E6C6 /* testTests.xctest */ = {isa = PBXFileReference; explicitFileType = wrapper.cfbundle; includeInIndex = 0; path = testTests.xctest; sourceTree = BUILT_PRODUCTS_DIR; };
		4CA9B4CD19AE06B60050E6C6 /* XCTest.framework */ = {isa = PBXFileReference; lastKnownFileType = wrapper.framework; name = XCTest.framework; path = Library/Frameworks/XCTest.framework; sourceTree = DEVELOPER_DIR; };
		4CA9B4D519AE06B60050E6C6 /* testTests-Info.plist */ = {isa = PBXFileReference; lastKnownFileType = text.plist.xml; path = "testTests-Info.plist"; sourceTree = "<group>"; };
		4CA9B4D719AE06B60050E6C6 /* en */ = {isa = PBXFileReference; lastKnownFileType = text.plist.strings; name = en; path = en.lproj/InfoPlist.strings; sourceTree = "<group>"; };
		4CA9B4D919AE06B60050E6C6 /* testTests.m */ = {isa = PBXFileReference; lastKnownFileType = sourcecode.c.objc; path = testTests.m; sourceTree = "<group>"; };
/* End PBXFileReference section */

/* Begin PBXFrameworksBuildPhase section */
		4CA9B49E19AE06B50050E6C6 /* Frameworks */ = {
			isa = PBXFrameworksBuildPhase;
			buildActionMask = 2147483647;
			files = (
				4CA9B4A719AE06B60050E6C6 /* CoreGraphics.framework in Frameworks */,
				4CA9B4A919AE06B60050E6C6 /* UIKit.framework in Frameworks */,
				4CA9B4AB19AE06B60050E6C6 /* SpriteKit.framework in Frameworks */,
				4CA9B4A519AE06B60050E6C6 /* Foundation.framework in Frameworks */,
			);
			runOnlyForDeploymentPostprocessing = 0;
		};
		4CA9B4C919AE06B60050E6C6 /* Frameworks */ = {
			isa = PBXFrameworksBuildPhase;
			buildActionMask = 2147483647;
			files = (
				4CA9B4CE19AE06B60050E6C6 /* XCTest.framework in Frameworks */,
				4CA9B4D019AE06B60050E6C6 /* UIKit.framework in Frameworks */,
				4CA9B4CF19AE06B60050E6C6 /* Foundation.framework in Frameworks */,
			);
			runOnlyForDeploymentPostprocessing = 0;
		};
/* End PBXFrameworksBuildPhase section */

/* Begin PBXGroup section */
		4CA9B49819AE06B50050E6C6 = {
			isa = PBXGroup;
			children = (
				4CA9B4AC19AE06B60050E6C6 /* test */,
				4CA9B4D319AE06B60050E6C6 /* testTests */,
				4CA9B4A319AE06B50050E6C6 /* Frameworks */,
				4CA9B4A219AE06B50050E6C6 /* Products */,
			);
			sourceTree = "<group>";
		};
		4CA9B4A219AE06B50050E6C6 /* Products */ = {
			isa = PBXGroup;
			children = (
				4CA9B4A119AE06B50050E6C6 /* test.app */,
				4CA9B4CC19AE06B60050E6C6 /* testTests.xctest */,
			);
			name = Products;
			sourceTree = "<group>";
		};
		4CA9B4A319AE06B50050E6C6 /* Frameworks */ = {
			isa = PBXGroup;
			children = (
				4CA9B4A419AE06B60050E6C6 /* Foundation.framework */,
				4CA9B4A619AE06B60050E6C6 /* CoreGraphics.framework */,
				4CA9B4A819AE06B60050E6C6 /* UIKit.framework */,
				4CA9B4AA19AE06B60050E6C6 /* SpriteKit.framework */,
				4CA9B4CD19AE06B60050E6C6 /* XCTest.framework */,
			);
			name = Frameworks;
			sourceTree = "<group>";
		};
		4CA9B4AC19AE06B60050E6C6 /* test */ = {
			isa = PBXGroup;
			children = (
				4CA9B4B519AE06B60050E6C6 /* AppDelegate.h */,
				4CA9B4B619AE06B60050E6C6 /* AppDelegate.m */,
				4CA9B4B819AE06B60050E6C6 /* Main_iPhone.storyboard */,
				4CA9B4BB19AE06B60050E6C6 /* Main_iPad.storyboard */,
				4CA9B4BE19AE06B60050E6C6 /* ViewController.h */,
				4CA9B4BF19AE06B60050E6C6 /* ViewController.m */,
				4CA9B4C119AE06B60050E6C6 /* MyScene.h */,
				4CA9B4C219AE06B60050E6C6 /* MyScene.m */,
				4CA9B4C419AE06B60050E6C6 /* Spaceship.png */,
				4CA9B4C619AE06B60050E6C6 /* Images.xcassets */,
				4CA9B4AD19AE06B60050E6C6 /* Supporting Files */,
			);
			path = test;
			sourceTree = "<group>";
		};
		4CA9B4AD19AE06B60050E6C6 /* Supporting Files */ = {
			isa = PBXGroup;
			children = (
				4CA9B4AE19AE06B60050E6C6 /* test-Info.plist */,
				4CA9B4AF19AE06B60050E6C6 /* InfoPlist.strings */,
				4CA9B4B219AE06B60050E6C6 /* main.m */,
				4CA9B4B419AE06B60050E6C6 /* test-Prefix.pch */,
			);
			name = "Supporting Files";
			sourceTree = "<group>";
		};
		4CA9B4D319AE06B60050E6C6 /* testTests */ = {
			isa = PBXGroup;
			children = (
				4CA9B4D919AE06B60050E6C6 /* testTests.m */,
				4CA9B4D419AE06B60050E6C6 /* Supporting Files */,
			);
			path = testTests;
			sourceTree = "<group>";
		};
		4CA9B4D419AE06B60050E6C6 /* Supporting Files */ = {
			isa = PBXGroup;
			children = (
				4CA9B4D519AE06B60050E6C6 /* testTests-Info.plist */,
				4CA9B4D619AE06B60050E6C6 /* InfoPlist.strings */,
			);
			name = "Supporting Files";
			sourceTree = "<group>";
		};
/* End PBXGroup section */

/* Begin PBXNativeTarget section */
		4CA9B4A019AE06B50050E6C6 /* test */ = {
			isa = PBXNativeTarget;
			buildConfigurationList = 4CA9B4DD19AE06B60050E6C6 /* Build configuration list for PBXNativeTarget "test" */;
			buildPhases = (
				4CA9B49D19AE06B50050E6C6 /* Sources */,
				4CA9B49E19AE06B50050E6C6 /* Frameworks */,
				4CA9B49F19AE06B50050E6C6 /* Resources */,
			);
			buildRules = (
			);
			dependencies = (
			);
			name = test;
			productName = test;
			productReference = 4CA9B4A119AE06B50050E6C6 /* test.app */;
			productType = "com.apple.product-type.application";
		};
		4CA9B4CB19AE06B60050E6C6 /* testTests */ = {
			isa = PBXNativeTarget;
			buildConfigurationList = 4CA9B4E019AE06B60050E6C6 /* Build configuration list for PBXNativeTarget "testTests" */;
			buildPhases = (
				4CA9B4C819AE06B60050E6C6 /* Sources */,
				4CA9B4C919AE06B60050E6C6 /* Frameworks */,
				4CA9B4CA19AE06B60050E6C6 /* Resources */,
			);
			buildRules = (
			);
			dependencies = (
				4CA9B4D219AE06B60050E6C6 /* PBXTargetDependency */,
			);
			name = testTests;
			productName = testTests;
			productReference = 4CA9B4CC19AE06B60050E6C6 /* testTests.xctest */;
			productType = "com.apple.product-type.bundle.unit-test";
		};
/* End PBXNativeTarget section */

/* Begin PBXProject section */
		4CA9B49919AE06B50050E6C6 /* Project object */ = {
			isa = PBXProject;
			attributes = {
				LastUpgradeCheck = 0510;
				ORGANIZATIONNAME = OmegaSeven;
				TargetAttributes = {
					4CA9B4CB19AE06B60050E6C6 = {
						TestTargetID = 4CA9B4A019AE06B50050E6C6;
					};
				};
			};
			buildConfigurationList = 4CA9B49C19AE06B50050E6C6 /* Build configuration list for PBXProject "test" */;
			compatibilityVersion = "Xcode 3.2";
			developmentRegion = English;
			hasScannedForEncodings = 0;
			knownRegions = (
				en,
				Base,
			);
			mainGroup = 4CA9B49819AE06B50050E6C6;
			productRefGroup = 4CA9B4A219AE06B50050E6C6 /* Products */;
			projectDirPath = "";
			projectRoot = "";
			targets = (
				4CA9B4A019AE06B50050E6C6 /* test */,
				4CA9B4CB19AE06B60050E6C6 /* testTests */,
			);
		};
/* End PBXProject section */

/* Begin PBXResourcesBuildPhase section */
		4CA9B49F19AE06B50050E6C6 /* Resources */ = {
			isa = PBXResourcesBuildPhase;
			buildActionMask = 2147483647;
			files = (
				4CA9B4C519AE06B60050E6C6 /* Spaceship.png in Resources */,
				4CA9B4C719AE06B60050E6C6 /* Images.xcassets in Resources */,
				4CA9B4BD19AE06B60050E6C6 /* Main_iPad.storyboard in Resources */,
				4CA9B4BA19AE06B60050E6C6 /* Main_iPhone.storyboard in Resources */,
				4CA9B4B119AE06B60050E6C6 /* InfoPlist.strings in Resources */,
			);
			runOnlyForDeploymentPostprocessing = 0;
		};
		4CA9B4CA19AE06B60050E6C6 /* Resources */ = {
			isa = PBXResourcesBuildPhase;
			buildActionMask = 2147483647;
			files = (
				4CA9B4D819AE06B60050E6C6 /* InfoPlist.strings in Resources */,
			);
			runOnlyForDeploymentPostprocessing = 0;
		};
/* End PBXResourcesBuildPhase section */

/* Begin PBXSourcesBuildPhase section */
		4CA9B49D19AE06B50050E6C6 /* Sources */ = {
			isa = PBXSourcesBuildPhase;
			buildActionMask = 2147483647;
			files = (
				4CA9B4C319AE06B60050E6C6 /* MyScene.m in Sources */,
				4CA9B4C019AE06B60050E6C6 /* ViewController.m in Sources */,
				4CA9B4B719AE06B60050E6C6 /* AppDelegate.m in Sources */,
				4CA9B4B319AE06B60050E6C6 /* main.m in Sources */,
			);
			runOnlyForDeploymentPostprocessing = 0;
		};
		4CA9B4C819AE06B60050E6C6 /* Sources */ = {
			isa = PBXSourcesBuildPhase;
			buildActionMask = 2147483647;
			files = (
				4CA9B4DA19AE06B60050E6C6 /* testTests.m in Sources */,
			);
			runOnlyForDeploymentPostprocessing = 0;
		};
/* End PBXSourcesBuildPhase section */

/* Begin PBXTargetDependency section */
		4CA9B4D219AE06B60050E6C6 /* PBXTargetDependency */ = {
			isa = PBXTargetDependency;
			target = 4CA9B4A019AE06B50050E6C6 /* test */;
			targetProxy = 4CA9B4D119AE06B60050E6C6 /* PBXContainerItemProxy */;
		};
/* End PBXTargetDependency section */

/* Begin PBXVariantGroup section */
		4CA9B4AF19AE06B60050E6C6 /* InfoPlist.strings */ = {
			isa = PBXVariantGroup;
			children = (
				4CA9B4B019AE06B60050E6C6 /* en */,
			);
			name = InfoPlist.strings;
			sourceTree = "<group>";
		};
		4CA9B4B819AE06B60050E6C6 /* Main_iPhone.storyboard */ = {
			isa = PBXVariantGroup;
			children = (
				4CA9B4B919AE06B60050E6C6 /* Base */,
			);
			name = Main_iPhone.storyboard;
			sourceTree = "<group>";
		};
		4CA9B4BB19AE06B60050E6C6 /* Main_iPad.storyboard */ = {
			isa = PBXVariantGroup;
			children = (
				4CA9B4BC19AE06B60050E6C6 /* Base */,
			);
			name = Main_iPad.storyboard;
			sourceTree = "<group>";
		};
		4CA9B4D619AE06B60050E6C6 /* InfoPlist.strings */ = {
			isa = PBXVariantGroup;
			children = (
				4CA9B4D719AE06B60050E6C6 /* en */,
			);
			name = InfoPlist.strings;
			sourceTree = "<group>";
		};
/* End PBXVariantGroup section */

/* Begin XCBuildConfiguration section */
		4CA9B4DB19AE06B60050E6C6 /* Debug */ = {
			isa = XCBuildConfiguration;
			buildSettings = {
				ALWAYS_SEARCH_USER_PATHS = NO;
				CLANG_CXX_LANGUAGE_STANDARD = "gnu++0x";
				CLANG_CXX_LIBRARY = "libc++";
				CLANG_ENABLE_MODULES = YES;
				CLANG_ENABLE_OBJC_ARC = YES;
				CLANG_WARN_BOOL_CONVERSION = YES;
				CLANG_WARN_CONSTANT_CONVERSION = YES;
				CLANG_WARN_DIRECT_OBJC_ISA_USAGE = YES_ERROR;
				CLANG_WARN_EMPTY_BODY = YES;
				CLANG_WARN_ENUM_CONVERSION = YES;
				CLANG_WARN_INT_CONVERSION = YES;
				CLANG_WARN_OBJC_ROOT_CLASS = YES_ERROR;
				CLANG_WARN__DUPLICATE_METHOD_MATCH = YES;
				"CODE_SIGN_IDENTITY[sdk=iphoneos*]" = "iPhone Developer";
				COPY_PHASE_STRIP = NO;
				GCC_C_LANGUAGE_STANDARD = gnu99;
				GCC_DYNAMIC_NO_PIC = NO;
				GCC_OPTIMIZATION_LEVEL = 0;
				GCC_PREPROCESSOR_DEFINITIONS = (
					"DEBUG=1",
					"$(inherited)",
				);
				GCC_SYMBOLS_PRIVATE_EXTERN = NO;
				GCC_WARN_64_TO_32_BIT_CONVERSION = YES;
				GCC_WARN_ABOUT_RETURN_TYPE = YES_ERROR;
				GCC_WARN_UNDECLARED_SELECTOR = YES;
				GCC_WARN_UNINITIALIZED_AUTOS = YES_AGGRESSIVE;
				GCC_WARN_UNUSED_FUNCTION = YES;
				GCC_WARN_UNUSED_VARIABLE = YES;
				IPHONEOS_DEPLOYMENT_TARGET = 7.1;
				ONLY_ACTIVE_ARCH = YES;
				SDKROOT = iphoneos;
				TARGETED_DEVICE_FAMILY = "1,2";
			};
			name = Debug;
		};
		4CA9B4DC19AE06B60050E6C6 /* Release */ = {
			isa = XCBuildConfiguration;
			buildSettings = {
				ALWAYS_SEARCH_USER_PATHS = NO;
				CLANG_CXX_LANGUAGE_STANDARD = "gnu++0x";
				CLANG_CXX_LIBRARY = "libc++";
				CLANG_ENABLE_MODULES = YES;
				CLANG_ENABLE_OBJC_ARC = YES;
				CLANG_WARN_BOOL_CONVERSION = YES;
				CLANG_WARN_CONSTANT_CONVERSION = YES;
				CLANG_WARN_DIRECT_OBJC_ISA_USAGE = YES_ERROR;
				CLANG_WARN_EMPTY_BODY = YES;
				CLANG_WARN_ENUM_CONVERSION = YES;
				CLANG_WARN_INT_CONVERSION = YES;
				CLANG_WARN_OBJC_ROOT_CLASS = YES_ERROR;
				CLANG_WARN__DUPLICATE_METHOD_MATCH = YES;
				"CODE_SIGN_IDENTITY[sdk=iphoneos*]" = "iPhone Developer";
				COPY_PHASE_STRIP = YES;
				ENABLE_NS_ASSERTIONS = NO;
				GCC_C_LANGUAGE_STANDARD = gnu99;
				GCC_WARN_64_TO_32_BIT_CONVERSION = YES;
				GCC_WARN_ABOUT_RETURN_TYPE = YES_ERROR;
				GCC_WARN_UNDECLARED_SELECTOR = YES;
				GCC_WARN_UNINITIALIZED_AUTOS = YES_AGGRESSIVE;
				GCC_WARN_UNUSED_FUNCTION = YES;
				GCC_WARN_UNUSED_VARIABLE = YES;
				IPHONEOS_DEPLOYMENT_TARGET = 7.1;
				SDKROOT = iphoneos;
				TARGETED_DEVICE_FAMILY = "1,2";
				VALIDATE_PRODUCT = YES;
			};
			name = Release;
		};
		4CA9B4DE19AE06B60050E6C6 /* Debug */ = {
			isa = XCBuildConfiguration;
			buildSettings = {
				ASSETCATALOG_COMPILER_APPICON_NAME = AppIcon;
				ASSETCATALOG_COMPILER_LAUNCHIMAGE_NAME = LaunchImage;
				GCC_PRECOMPILE_PREFIX_HEADER = YES;
				GCC_PREFIX_HEADER = "test/test-Prefix.pch";
				INFOPLIST_FILE = "test/test-Info.plist";
				PRODUCT_NAME = "$(TARGET_NAME)";
				SPRITEKIT_TEXTURE_ATLAS_OUTPUT = YES;
				WRAPPER_EXTENSION = app;
			};
			name = Debug;
		};
		4CA9B4DF19AE06B60050E6C6 /* Release */ = {
			isa = XCBuildConfiguration;
			buildSettings = {
				ASSETCATALOG_COMPILER_APPICON_NAME = AppIcon;
				ASSETCATALOG_COMPILER_LAUNCHIMAGE_NAME = LaunchImage;
				GCC_PRECOMPILE_PREFIX_HEADER = YES;
				GCC_PREFIX_HEADER = "test/test-Prefix.pch";
				INFOPLIST_FILE = "test/test-Info.plist";
				PRODUCT_NAME = "$(TARGET_NAME)";
				SPRITEKIT_TEXTURE_ATLAS_OUTPUT = YES;
				WRAPPER_EXTENSION = app;
			};
			name = Release;
		};
		4CA9B4E119AE06B60050E6C6 /* Debug */ = {
			isa = XCBuildConfiguration;
			buildSettings = {
				BUNDLE_LOADER = "$(BUILT_PRODUCTS_DIR)/test.app/test";
				FRAMEWORK_SEARCH_PATHS = (
					"$(SDKROOT)/Developer/Library/Frameworks",
					"$(inherited)",
					"$(DEVELOPER_FRAMEWORKS_DIR)",
				);
				GCC_PRECOMPILE_PREFIX_HEADER = YES;
				GCC_PREFIX_HEADER = "test/test-Prefix.pch";
				GCC_PREPROCESSOR_DEFINITIONS = (
					"DEBUG=1",
					"$(inherited)",
				);
				INFOPLIST_FILE = "testTests/testTests-Info.plist";
				PRODUCT_NAME = "$(TARGET_NAME)";
				TEST_HOST = "$(BUNDLE_LOADER)";
				WRAPPER_EXTENSION = xctest;
			};
			name = Debug;
		};
		4CA9B4E219AE06B60050E6C6 /* Release */ = {
			isa = XCBuildConfiguration;
			buildSettings = {
				BUNDLE_LOADER = "$(BUILT_PRODUCTS_DIR)/test.app/test";
				FRAMEWORK_SEARCH_PATHS = (
					"$(SDKROOT)/Developer/Library/Frameworks",
					"$(inherited)",
					"$(DEVELOPER_FRAMEWORKS_DIR)",
				);
				GCC_PRECOMPILE_PREFIX_HEADER = YES;
				GCC_PREFIX_HEADER = "test/test-Prefix.pch";
				INFOPLIST_FILE = "testTests/testTests-Info.plist";
				PRODUCT_NAME = "$(TARGET_NAME)";
				TEST_HOST = "$(BUNDLE_LOADER)";
				WRAPPER_EXTENSION = xctest;
			};
			name = Release;
		};
/* End XCBuildConfiguration section */

/* Begin XCConfigurationList section */
		4CA9B49C19AE06B50050E6C6 /* Build configuration list for PBXProject "test" */ = {
			isa = XCConfigurationList;
			buildConfigurations = (
				4CA9B4DB19AE06B60050E6C6 /* Debug */,
				4CA9B4DC19AE06B60050E6C6 /* Release */,
			);
			defaultConfigurationIsVisible = 0;
			defaultConfigurationName = Release;
		};
		4CA9B4DD19AE06B60050E6C6 /* Build configuration list for PBXNativeTarget "test" */ = {
			isa = XCConfigurationList;
			buildConfigurations = (
				4CA9B4DE19AE06B60050E6C6 /* Debug */,
				4CA9B4DF19AE06B60050E6C6 /* Release */,
			);
			defaultConfigurationIsVisible = 0;
		};
		4CA9B4E019AE06B60050E6C6 /* Build configuration list for PBXNativeTarget "testTests" */ = {
			isa = XCConfigurationList;
			buildConfigurations = (
				4CA9B4E119AE06B60050E6C6 /* Debug */,
				4CA9B4E219AE06B60050E6C6 /* Release */,
			);
			defaultConfigurationIsVisible = 0;
		};
/* End XCConfigurationList section */
	};
	rootObject = 4CA9B49919AE06B50050E6C6 /* Project object */;
}
